
Microsoft Visual Studio Solution File, Format Version 12.00
# Visual Studio Version 16
VisualStudioVersion = 16.0.31205.134
MinimumVisualStudioVersion = 10.0.40219.1
Project("{9A19103F-16F7-4668-BE54-9A1E7A4F7556}") = "Ex_Debugging", "Ex_Debugging\Ex_Debugging.csproj", "{04581A97-6B7C-4428-B121-18145C2FF94E}"
EndProject
Project("{2150E333-8FDC-42A3-9474-1A3956D46DE8}") = "Exemplos_Logica_Programacao", "Exemplos_Logica_Programacao", "{B166E955-9184-49EC-8059-70508B706DA1}"
EndProject
Project("{9A19103F-16F7-4668-BE54-9A1E7A4F7556}") = "Ex_Funcoes", "Ex_Funcoes\Ex_Funcoes.csproj", "{26487FF9-8F78-4863-9E76-DE6551388583}"
EndProject
Project("{9A19103F-16F7-4668-BE54-9A1E7A4F7556}") = "Ex_While", "Ex_While\Ex_While.csproj", "{7C2A0B41-5EB8-498F-96B8-FBA807BFF8C5}"
EndProject
Project("{9A19103F-16F7-4668-BE54-9A1E7A4F7556}") = "Ex_For", "Ex_For\Ex_For.csproj", "{D4259B67-F59E-4C49-A80B-DC03FD0DF31B}"
EndProject
Project("{2150E333-8FDC-42A3-9474-1A3956D46DE8}") = "Exemplos_POO", "Exemplos_POO", "{CE9409C8-7C3B-491D-9991-64CF63C8B5CA}"
EndProject
Project("{9A19103F-16F7-4668-BE54-9A1E7A4F7556}") = "Ex_App_POO", "Ex_App_Sem_POO\Ex_App_POO.csproj", "{7EC4A31C-D32E-4A01-8340-19E9BA288685}"
EndProject
Project("{2150E333-8FDC-42A3-9474-1A3956D46DE8}") = "Exercicios_POO", "Exercicios_POO", "{4320063A-26C7-474A-AAFC-24F15A7D16AC}"
EndProject
Project("{9A19103F-16F7-4668-BE54-9A1E7A4F7556}") = "Mais_Velho_POO", "Mais_Velho_POO\Mais_Velho_POO.csproj", "{40E29FC4-1C3A-4D0B-9F55-6A41E3F0E1ED}"
EndProject
Project("{9A19103F-16F7-4668-BE54-9A1E7A4F7556}") = "Media_Salarial_POO", "Media_Salarial_POO\Media_Salarial_POO.csproj", "{CE44A092-68B8-4CD5-B4A9-56ABDE37A001}"
EndProject
Project("{9A19103F-16F7-4668-BE54-9A1E7A4F7556}") = "Estoque_Simples_POO", "Estoque_Simples_POO\Estoque_Simples_POO.csproj", "{4F6677F8-EC1D-494D-8FA7-167F9E820859}"
EndProject
Project("{9A19103F-16F7-4668-BE54-9A1E7A4F7556}") = "Calculos_Retangulo_POO", "Calculos_Triangulo_POO\Calculos_Retangulo_POO.csproj", "{391A0C00-C770-4041-A2FB-690E6D089EF3}"
EndProject
Project("{9A19103F-16F7-4668-BE54-9A1E7A4F7556}") = "Aumento_Salarial_POO", "Aumento_Salarial_POO\Aumento_Salarial_POO.csproj", "{B3CFCE47-19AE-4CFE-8E83-3494AB2FD5E2}"
EndProject
Project("{9A19103F-16F7-4668-BE54-9A1E7A4F7556}") = "Boletim_Aluno_POO", "Boletim_Aluno_POO\Boletim_Aluno_POO.csproj", "{C0EBE2B0-B5FA-44E1-8360-EA01E0B44728}"
EndProject
Project("{9A19103F-16F7-4668-BE54-9A1E7A4F7556}") = "Calc_Circulos_POO", "Calc_Circulos_POO\Calc_Circulos_POO.csproj", "{E6552DB5-2620-4908-83A5-E1A4121260D0}"
EndProject
Project("{9A19103F-16F7-4668-BE54-9A1E7A4F7556}") = "Calc_Compra_Dolar_POO_Membros_Estaticos", "Calc_Compra_Dolar_POO_Membros_Estaticos\Calc_Compra_Dolar_POO_Membros_Estaticos.csproj", "{223982E6-EE67-4D12-A692-DCE2E74349A0}"
EndProject
Project("{9A19103F-16F7-4668-BE54-9A1E7A4F7556}") = "Conta_Bancaria_POO", "Conta_Bancaria_POO\Conta_Bancaria_POO.csproj", "{E8F4B8F7-AADF-4501-882C-E0FA55856C71}"
EndProject
Project("{9A19103F-16F7-4668-BE54-9A1E7A4F7556}") = "Structs_Nullable_POO", "Structs_Nullable_POO\Structs_Nullable_POO.csproj", "{14ED20D5-D85B-4438-AA4D-61F8357981EE}"
EndProject
Project("{9A19103F-16F7-4668-BE54-9A1E7A4F7556}") = "Arranjos_POO", "Arranjos_POO\Arranjos_POO.csproj", "{5CE3B11E-3DBF-4F1F-9347-8FED35DAC39E}"
EndProject
Project("{9A19103F-16F7-4668-BE54-9A1E7A4F7556}") = "Arranjos2_POO", "Arranjos2_POO\Arranjos2_POO.csproj", "{55F6F681-98A5-42C8-8927-0CC4A9DB6225}"
EndProject
Project("{9A19103F-16F7-4668-BE54-9A1E7A4F7556}") = "Reservas_Hotel_POO_Arranjos", "Reservas_Hotel_POO_Arranjos\Reservas_Hotel_POO_Arranjos.csproj", "{EA67B139-EC1C-4DEE-A057-5154D1B0053E}"
EndProject
Project("{9A19103F-16F7-4668-BE54-9A1E7A4F7556}") = "Calculadora_POO_Params", "Calculator_POO_Params\Calculadora_POO_Params.csproj", "{4B4219E8-5634-436F-AD43-5E811132CCAD}"
EndProject
Project("{9A19103F-16F7-4668-BE54-9A1E7A4F7556}") = "Foreach_POO", "Foreach_POO\Foreach_POO.csproj", "{46AE006E-F1AC-424E-8168-DEFAC6DA1B25}"
EndProject
Project("{9A19103F-16F7-4668-BE54-9A1E7A4F7556}") = "Listas_POO", "Listas_POO\Listas_POO.csproj", "{32EC137D-F29C-4C88-8D4C-55EC6E28B887}"
EndProject
Project("{9A19103F-16F7-4668-BE54-9A1E7A4F7556}") = "Aumento_Salarial_POO_Lista", "Aumento_Salarial_POO_Lista\Aumento_Salarial_POO_Lista.csproj", "{02961377-1573-4626-83C6-2F8B455F8A9C}"
EndProject
Project("{9A19103F-16F7-4668-BE54-9A1E7A4F7556}") = "Matrizes_POO", "Matrizes_POO\Matrizes_POO.csproj", "{84157FBD-FCA8-4E61-9960-DFEAB18F2023}"
EndProject
Project("{9A19103F-16F7-4668-BE54-9A1E7A4F7556}") = "Matrizes_POO_Exercicios", "Matrizes_POO_Exercicios\Matrizes_POO_Exercicios.csproj", "{57519A60-187E-48D9-B159-4774C8DAFF30}"
EndProject
Project("{FAE04EC0-301F-11D3-BF4B-00C04F79EFBC}") = "BuscaPosicao_POO_Matrizes", "BuscaPosicao_POO_Matrizes\BuscaPosicao_POO_Matrizes.csproj", "{7CBB8697-0278-4311-9F3D-39D5C2B2A184}"
EndProject
Project("{FAE04EC0-301F-11D3-BF4B-00C04F79EFBC}") = "Switch_Case", "Switch_Case\Switch_Case.csproj", "{040401E2-8A73-4065-9E4A-B9B2599A5E6E}"
EndProject
Project("{FAE04EC0-301F-11D3-BF4B-00C04F79EFBC}") = "Expressao_Condicional_Ternaria", "Expressao_Condicional_Ternaria\Expressao_Condicional_Ternaria.csproj", "{E15FB541-F8CE-491A-B100-6B5E25D3AB24}"
EndProject
Global
	GlobalSection(SolutionConfigurationPlatforms) = preSolution
		Debug|Any CPU = Debug|Any CPU
		Release|Any CPU = Release|Any CPU
	EndGlobalSection
	GlobalSection(ProjectConfigurationPlatforms) = postSolution
		{04581A97-6B7C-4428-B121-18145C2FF94E}.Debug|Any CPU.ActiveCfg = Debug|Any CPU
		{04581A97-6B7C-4428-B121-18145C2FF94E}.Debug|Any CPU.Build.0 = Debug|Any CPU
		{04581A97-6B7C-4428-B121-18145C2FF94E}.Release|Any CPU.ActiveCfg = Release|Any CPU
		{04581A97-6B7C-4428-B121-18145C2FF94E}.Release|Any CPU.Build.0 = Release|Any CPU
		{26487FF9-8F78-4863-9E76-DE6551388583}.Debug|Any CPU.ActiveCfg = Debug|Any CPU
		{26487FF9-8F78-4863-9E76-DE6551388583}.Debug|Any CPU.Build.0 = Debug|Any CPU
		{26487FF9-8F78-4863-9E76-DE6551388583}.Release|Any CPU.ActiveCfg = Release|Any CPU
		{26487FF9-8F78-4863-9E76-DE6551388583}.Release|Any CPU.Build.0 = Release|Any CPU
		{7C2A0B41-5EB8-498F-96B8-FBA807BFF8C5}.Debug|Any CPU.ActiveCfg = Debug|Any CPU
		{7C2A0B41-5EB8-498F-96B8-FBA807BFF8C5}.Debug|Any CPU.Build.0 = Debug|Any CPU
		{7C2A0B41-5EB8-498F-96B8-FBA807BFF8C5}.Release|Any CPU.ActiveCfg = Release|Any CPU
		{7C2A0B41-5EB8-498F-96B8-FBA807BFF8C5}.Release|Any CPU.Build.0 = Release|Any CPU
		{D4259B67-F59E-4C49-A80B-DC03FD0DF31B}.Debug|Any CPU.ActiveCfg = Debug|Any CPU
		{D4259B67-F59E-4C49-A80B-DC03FD0DF31B}.Debug|Any CPU.Build.0 = Debug|Any CPU
		{D4259B67-F59E-4C49-A80B-DC03FD0DF31B}.Release|Any CPU.ActiveCfg = Release|Any CPU
		{D4259B67-F59E-4C49-A80B-DC03FD0DF31B}.Release|Any CPU.Build.0 = Release|Any CPU
		{7EC4A31C-D32E-4A01-8340-19E9BA288685}.Debug|Any CPU.ActiveCfg = Debug|Any CPU
		{7EC4A31C-D32E-4A01-8340-19E9BA288685}.Debug|Any CPU.Build.0 = Debug|Any CPU
		{7EC4A31C-D32E-4A01-8340-19E9BA288685}.Release|Any CPU.ActiveCfg = Release|Any CPU
		{7EC4A31C-D32E-4A01-8340-19E9BA288685}.Release|Any CPU.Build.0 = Release|Any CPU
		{40E29FC4-1C3A-4D0B-9F55-6A41E3F0E1ED}.Debug|Any CPU.ActiveCfg = Debug|Any CPU
		{40E29FC4-1C3A-4D0B-9F55-6A41E3F0E1ED}.Debug|Any CPU.Build.0 = Debug|Any CPU
		{40E29FC4-1C3A-4D0B-9F55-6A41E3F0E1ED}.Release|Any CPU.ActiveCfg = Release|Any CPU
		{40E29FC4-1C3A-4D0B-9F55-6A41E3F0E1ED}.Release|Any CPU.Build.0 = Release|Any CPU
		{CE44A092-68B8-4CD5-B4A9-56ABDE37A001}.Debug|Any CPU.ActiveCfg = Debug|Any CPU
		{CE44A092-68B8-4CD5-B4A9-56ABDE37A001}.Debug|Any CPU.Build.0 = Debug|Any CPU
		{CE44A092-68B8-4CD5-B4A9-56ABDE37A001}.Release|Any CPU.ActiveCfg = Release|Any CPU
		{CE44A092-68B8-4CD5-B4A9-56ABDE37A001}.Release|Any CPU.Build.0 = Release|Any CPU
		{4F6677F8-EC1D-494D-8FA7-167F9E820859}.Debug|Any CPU.ActiveCfg = Debug|Any CPU
		{4F6677F8-EC1D-494D-8FA7-167F9E820859}.Debug|Any CPU.Build.0 = Debug|Any CPU
		{4F6677F8-EC1D-494D-8FA7-167F9E820859}.Release|Any CPU.ActiveCfg = Release|Any CPU
		{4F6677F8-EC1D-494D-8FA7-167F9E820859}.Release|Any CPU.Build.0 = Release|Any CPU
		{391A0C00-C770-4041-A2FB-690E6D089EF3}.Debug|Any CPU.ActiveCfg = Debug|Any CPU
		{391A0C00-C770-4041-A2FB-690E6D089EF3}.Debug|Any CPU.Build.0 = Debug|Any CPU
		{391A0C00-C770-4041-A2FB-690E6D089EF3}.Release|Any CPU.ActiveCfg = Release|Any CPU
		{391A0C00-C770-4041-A2FB-690E6D089EF3}.Release|Any CPU.Build.0 = Release|Any CPU
		{B3CFCE47-19AE-4CFE-8E83-3494AB2FD5E2}.Debug|Any CPU.ActiveCfg = Debug|Any CPU
		{B3CFCE47-19AE-4CFE-8E83-3494AB2FD5E2}.Debug|Any CPU.Build.0 = Debug|Any CPU
		{B3CFCE47-19AE-4CFE-8E83-3494AB2FD5E2}.Release|Any CPU.ActiveCfg = Release|Any CPU
		{B3CFCE47-19AE-4CFE-8E83-3494AB2FD5E2}.Release|Any CPU.Build.0 = Release|Any CPU
		{C0EBE2B0-B5FA-44E1-8360-EA01E0B44728}.Debug|Any CPU.ActiveCfg = Debug|Any CPU
		{C0EBE2B0-B5FA-44E1-8360-EA01E0B44728}.Debug|Any CPU.Build.0 = Debug|Any CPU
		{C0EBE2B0-B5FA-44E1-8360-EA01E0B44728}.Release|Any CPU.ActiveCfg = Release|Any CPU
		{C0EBE2B0-B5FA-44E1-8360-EA01E0B44728}.Release|Any CPU.Build.0 = Release|Any CPU
		{E6552DB5-2620-4908-83A5-E1A4121260D0}.Debug|Any CPU.ActiveCfg = Debug|Any CPU
		{E6552DB5-2620-4908-83A5-E1A4121260D0}.Debug|Any CPU.Build.0 = Debug|Any CPU
		{E6552DB5-2620-4908-83A5-E1A4121260D0}.Release|Any CPU.ActiveCfg = Release|Any CPU
		{E6552DB5-2620-4908-83A5-E1A4121260D0}.Release|Any CPU.Build.0 = Release|Any CPU
		{223982E6-EE67-4D12-A692-DCE2E74349A0}.Debug|Any CPU.ActiveCfg = Debug|Any CPU
		{223982E6-EE67-4D12-A692-DCE2E74349A0}.Debug|Any CPU.Build.0 = Debug|Any CPU
		{223982E6-EE67-4D12-A692-DCE2E74349A0}.Release|Any CPU.ActiveCfg = Release|Any CPU
		{223982E6-EE67-4D12-A692-DCE2E74349A0}.Release|Any CPU.Build.0 = Release|Any CPU
		{E8F4B8F7-AADF-4501-882C-E0FA55856C71}.Debug|Any CPU.ActiveCfg = Debug|Any CPU
		{E8F4B8F7-AADF-4501-882C-E0FA55856C71}.Debug|Any CPU.Build.0 = Debug|Any CPU
		{E8F4B8F7-AADF-4501-882C-E0FA55856C71}.Release|Any CPU.ActiveCfg = Release|Any CPU
		{E8F4B8F7-AADF-4501-882C-E0FA55856C71}.Release|Any CPU.Build.0 = Release|Any CPU
		{14ED20D5-D85B-4438-AA4D-61F8357981EE}.Debug|Any CPU.ActiveCfg = Debug|Any CPU
		{14ED20D5-D85B-4438-AA4D-61F8357981EE}.Debug|Any CPU.Build.0 = Debug|Any CPU
		{14ED20D5-D85B-4438-AA4D-61F8357981EE}.Release|Any CPU.ActiveCfg = Release|Any CPU
		{14ED20D5-D85B-4438-AA4D-61F8357981EE}.Release|Any CPU.Build.0 = Release|Any CPU
		{5CE3B11E-3DBF-4F1F-9347-8FED35DAC39E}.Debug|Any CPU.ActiveCfg = Debug|Any CPU
		{5CE3B11E-3DBF-4F1F-9347-8FED35DAC39E}.Debug|Any CPU.Build.0 = Debug|Any CPU
		{5CE3B11E-3DBF-4F1F-9347-8FED35DAC39E}.Release|Any CPU.ActiveCfg = Release|Any CPU
		{5CE3B11E-3DBF-4F1F-9347-8FED35DAC39E}.Release|Any CPU.Build.0 = Release|Any CPU
		{55F6F681-98A5-42C8-8927-0CC4A9DB6225}.Debug|Any CPU.ActiveCfg = Debug|Any CPU
		{55F6F681-98A5-42C8-8927-0CC4A9DB6225}.Debug|Any CPU.Build.0 = Debug|Any CPU
		{55F6F681-98A5-42C8-8927-0CC4A9DB6225}.Release|Any CPU.ActiveCfg = Release|Any CPU
		{55F6F681-98A5-42C8-8927-0CC4A9DB6225}.Release|Any CPU.Build.0 = Release|Any CPU
		{EA67B139-EC1C-4DEE-A057-5154D1B0053E}.Debug|Any CPU.ActiveCfg = Debug|Any CPU
		{EA67B139-EC1C-4DEE-A057-5154D1B0053E}.Debug|Any CPU.Build.0 = Debug|Any CPU
		{EA67B139-EC1C-4DEE-A057-5154D1B0053E}.Release|Any CPU.ActiveCfg = Release|Any CPU
		{EA67B139-EC1C-4DEE-A057-5154D1B0053E}.Release|Any CPU.Build.0 = Release|Any CPU
		{4B4219E8-5634-436F-AD43-5E811132CCAD}.Debug|Any CPU.ActiveCfg = Debug|Any CPU
		{4B4219E8-5634-436F-AD43-5E811132CCAD}.Debug|Any CPU.Build.0 = Debug|Any CPU
		{4B4219E8-5634-436F-AD43-5E811132CCAD}.Release|Any CPU.ActiveCfg = Release|Any CPU
		{4B4219E8-5634-436F-AD43-5E811132CCAD}.Release|Any CPU.Build.0 = Release|Any CPU
		{46AE006E-F1AC-424E-8168-DEFAC6DA1B25}.Debug|Any CPU.ActiveCfg = Debug|Any CPU
		{46AE006E-F1AC-424E-8168-DEFAC6DA1B25}.Debug|Any CPU.Build.0 = Debug|Any CPU
		{46AE006E-F1AC-424E-8168-DEFAC6DA1B25}.Release|Any CPU.ActiveCfg = Release|Any CPU
		{46AE006E-F1AC-424E-8168-DEFAC6DA1B25}.Release|Any CPU.Build.0 = Release|Any CPU
		{32EC137D-F29C-4C88-8D4C-55EC6E28B887}.Debug|Any CPU.ActiveCfg = Debug|Any CPU
		{32EC137D-F29C-4C88-8D4C-55EC6E28B887}.Debug|Any CPU.Build.0 = Debug|Any CPU
		{32EC137D-F29C-4C88-8D4C-55EC6E28B887}.Release|Any CPU.ActiveCfg = Release|Any CPU
		{32EC137D-F29C-4C88-8D4C-55EC6E28B887}.Release|Any CPU.Build.0 = Release|Any CPU
		{02961377-1573-4626-83C6-2F8B455F8A9C}.Debug|Any CPU.ActiveCfg = Debug|Any CPU
		{02961377-1573-4626-83C6-2F8B455F8A9C}.Debug|Any CPU.Build.0 = Debug|Any CPU
		{02961377-1573-4626-83C6-2F8B455F8A9C}.Release|Any CPU.ActiveCfg = Release|Any CPU
		{02961377-1573-4626-83C6-2F8B455F8A9C}.Release|Any CPU.Build.0 = Release|Any CPU
		{84157FBD-FCA8-4E61-9960-DFEAB18F2023}.Debug|Any CPU.ActiveCfg = Debug|Any CPU
		{84157FBD-FCA8-4E61-9960-DFEAB18F2023}.Debug|Any CPU.Build.0 = Debug|Any CPU
		{84157FBD-FCA8-4E61-9960-DFEAB18F2023}.Release|Any CPU.ActiveCfg = Release|Any CPU
		{84157FBD-FCA8-4E61-9960-DFEAB18F2023}.Release|Any CPU.Build.0 = Release|Any CPU
		{57519A60-187E-48D9-B159-4774C8DAFF30}.Debug|Any CPU.ActiveCfg = Debug|Any CPU
		{57519A60-187E-48D9-B159-4774C8DAFF30}.Debug|Any CPU.Build.0 = Debug|Any CPU
		{57519A60-187E-48D9-B159-4774C8DAFF30}.Release|Any CPU.ActiveCfg = Release|Any CPU
		{57519A60-187E-48D9-B159-4774C8DAFF30}.Release|Any CPU.Build.0 = Release|Any CPU
		{7CBB8697-0278-4311-9F3D-39D5C2B2A184}.Debug|Any CPU.ActiveCfg = Debug|Any CPU
		{7CBB8697-0278-4311-9F3D-39D5C2B2A184}.Debug|Any CPU.Build.0 = Debug|Any CPU
		{7CBB8697-0278-4311-9F3D-39D5C2B2A184}.Release|Any CPU.ActiveCfg = Release|Any CPU
		{7CBB8697-0278-4311-9F3D-39D5C2B2A184}.Release|Any CPU.Build.0 = Release|Any CPU
		{040401E2-8A73-4065-9E4A-B9B2599A5E6E}.Debug|Any CPU.ActiveCfg = Debug|Any CPU
		{040401E2-8A73-4065-9E4A-B9B2599A5E6E}.Debug|Any CPU.Build.0 = Debug|Any CPU
		{040401E2-8A73-4065-9E4A-B9B2599A5E6E}.Release|Any CPU.ActiveCfg = Release|Any CPU
		{040401E2-8A73-4065-9E4A-B9B2599A5E6E}.Release|Any CPU.Build.0 = Release|Any CPU
		{E15FB541-F8CE-491A-B100-6B5E25D3AB24}.Debug|Any CPU.ActiveCfg = Debug|Any CPU
		{E15FB541-F8CE-491A-B100-6B5E25D3AB24}.Debug|Any CPU.Build.0 = Debug|Any CPU
		{E15FB541-F8CE-491A-B100-6B5E25D3AB24}.Release|Any CPU.ActiveCfg = Release|Any CPU
		{E15FB541-F8CE-491A-B100-6B5E25D3AB24}.Release|Any CPU.Build.0 = Release|Any CPU
	EndGlobalSection
	GlobalSection(SolutionProperties) = preSolution
		HideSolutionNode = FALSE
	EndGlobalSection
	GlobalSection(NestedProjects) = preSolution
		{04581A97-6B7C-4428-B121-18145C2FF94E} = {B166E955-9184-49EC-8059-70508B706DA1}
		{26487FF9-8F78-4863-9E76-DE6551388583} = {B166E955-9184-49EC-8059-70508B706DA1}
		{7C2A0B41-5EB8-498F-96B8-FBA807BFF8C5} = {B166E955-9184-49EC-8059-70508B706DA1}
		{D4259B67-F59E-4C49-A80B-DC03FD0DF31B} = {B166E955-9184-49EC-8059-70508B706DA1}
		{7EC4A31C-D32E-4A01-8340-19E9BA288685} = {CE9409C8-7C3B-491D-9991-64CF63C8B5CA}
		{40E29FC4-1C3A-4D0B-9F55-6A41E3F0E1ED} = {4320063A-26C7-474A-AAFC-24F15A7D16AC}
		{CE44A092-68B8-4CD5-B4A9-56ABDE37A001} = {4320063A-26C7-474A-AAFC-24F15A7D16AC}
		{4F6677F8-EC1D-494D-8FA7-167F9E820859} = {4320063A-26C7-474A-AAFC-24F15A7D16AC}
		{391A0C00-C770-4041-A2FB-690E6D089EF3} = {4320063A-26C7-474A-AAFC-24F15A7D16AC}
		{B3CFCE47-19AE-4CFE-8E83-3494AB2FD5E2} = {4320063A-26C7-474A-AAFC-24F15A7D16AC}
		{C0EBE2B0-B5FA-44E1-8360-EA01E0B44728} = {4320063A-26C7-474A-AAFC-24F15A7D16AC}
		{E6552DB5-2620-4908-83A5-E1A4121260D0} = {CE9409C8-7C3B-491D-9991-64CF63C8B5CA}
		{223982E6-EE67-4D12-A692-DCE2E74349A0} = {4320063A-26C7-474A-AAFC-24F15A7D16AC}
		{E8F4B8F7-AADF-4501-882C-E0FA55856C71} = {4320063A-26C7-474A-AAFC-24F15A7D16AC}
		{14ED20D5-D85B-4438-AA4D-61F8357981EE} = {CE9409C8-7C3B-491D-9991-64CF63C8B5CA}
		{5CE3B11E-3DBF-4F1F-9347-8FED35DAC39E} = {CE9409C8-7C3B-491D-9991-64CF63C8B5CA}
		{55F6F681-98A5-42C8-8927-0CC4A9DB6225} = {CE9409C8-7C3B-491D-9991-64CF63C8B5CA}
		{EA67B139-EC1C-4DEE-A057-5154D1B0053E} = {4320063A-26C7-474A-AAFC-24F15A7D16AC}
		{4B4219E8-5634-436F-AD43-5E811132CCAD} = {CE9409C8-7C3B-491D-9991-64CF63C8B5CA}
		{46AE006E-F1AC-424E-8168-DEFAC6DA1B25} = {CE9409C8-7C3B-491D-9991-64CF63C8B5CA}
		{32EC137D-F29C-4C88-8D4C-55EC6E28B887} = {CE9409C8-7C3B-491D-9991-64CF63C8B5CA}
		{02961377-1573-4626-83C6-2F8B455F8A9C} = {4320063A-26C7-474A-AAFC-24F15A7D16AC}
		{84157FBD-FCA8-4E61-9960-DFEAB18F2023} = {CE9409C8-7C3B-491D-9991-64CF63C8B5CA}
		{57519A60-187E-48D9-B159-4774C8DAFF30} = {4320063A-26C7-474A-AAFC-24F15A7D16AC}
		{7CBB8697-0278-4311-9F3D-39D5C2B2A184} = {4320063A-26C7-474A-AAFC-24F15A7D16AC}
		{040401E2-8A73-4065-9E4A-B9B2599A5E6E} = {CE9409C8-7C3B-491D-9991-64CF63C8B5CA}
		{E15FB541-F8CE-491A-B100-6B5E25D3AB24} = {CE9409C8-7C3B-491D-9991-64CF63C8B5CA}
	EndGlobalSection
	GlobalSection(ExtensibilityGlobals) = postSolution
		SolutionGuid = {4A6511D2-E3C5-4D15-9795-1E0C4500548E}
	EndGlobalSection
EndGlobal
