
Microsoft Visual Studio Solution File, Format Version 12.00
# Visual Studio Version 16
VisualStudioVersion = 16.0.31205.134
MinimumVisualStudioVersion = 10.0.40219.1
Project("{9A19103F-16F7-4668-BE54-9A1E7A4F7556}") = "Ex_Debugging", "Ex_Debugging\Ex_Debugging.csproj", "{04581A97-6B7C-4428-B121-18145C2FF94E}"
EndProject
Project("{2150E333-8FDC-42A3-9474-1A3956D46DE8}") = "Exemplos_Logica_Programacao", "Exemplos_Logica_Programacao", "{B166E955-9184-49EC-8059-70508B706DA1}"
EndProject
Project("{9A19103F-16F7-4668-BE54-9A1E7A4F7556}") = "Ex_Funcoes", "Ex_Funcoes\Ex_Funcoes.csproj", "{26487FF9-8F78-4863-9E76-DE6551388583}"
EndProject
Project("{9A19103F-16F7-4668-BE54-9A1E7A4F7556}") = "Ex_While", "Ex_While\Ex_While.csproj", "{7C2A0B41-5EB8-498F-96B8-FBA807BFF8C5}"
EndProject
Project("{9A19103F-16F7-4668-BE54-9A1E7A4F7556}") = "Ex_For", "Ex_For\Ex_For.csproj", "{D4259B67-F59E-4C49-A80B-DC03FD0DF31B}"
EndProject
Project("{2150E333-8FDC-42A3-9474-1A3956D46DE8}") = "Exemplos_POO", "Exemplos_POO", "{CE9409C8-7C3B-491D-9991-64CF63C8B5CA}"
EndProject
Project("{9A19103F-16F7-4668-BE54-9A1E7A4F7556}") = "Ex_App_POO", "Ex_App_Sem_POO\Ex_App_POO.csproj", "{7EC4A31C-D32E-4A01-8340-19E9BA288685}"
EndProject
Project("{2150E333-8FDC-42A3-9474-1A3956D46DE8}") = "Exercicios_POO", "Exercicios_POO", "{4320063A-26C7-474A-AAFC-24F15A7D16AC}"
EndProject
Project("{9A19103F-16F7-4668-BE54-9A1E7A4F7556}") = "Mais_Velho_POO", "Mais_Velho_POO\Mais_Velho_POO.csproj", "{40E29FC4-1C3A-4D0B-9F55-6A41E3F0E1ED}"
EndProject
Project("{9A19103F-16F7-4668-BE54-9A1E7A4F7556}") = "Media_Salarial_POO", "Media_Salarial_POO\Media_Salarial_POO.csproj", "{CE44A092-68B8-4CD5-B4A9-56ABDE37A001}"
EndProject
Project("{FAE04EC0-301F-11D3-BF4B-00C04F79EFBC}") = "Estoque_Simples_POO", "Estoque_Simples_POO\Estoque_Simples_POO.csproj", "{4F6677F8-EC1D-494D-8FA7-167F9E820859}"
EndProject
Global
	GlobalSection(SolutionConfigurationPlatforms) = preSolution
		Debug|Any CPU = Debug|Any CPU
		Release|Any CPU = Release|Any CPU
	EndGlobalSection
	GlobalSection(ProjectConfigurationPlatforms) = postSolution
		{04581A97-6B7C-4428-B121-18145C2FF94E}.Debug|Any CPU.ActiveCfg = Debug|Any CPU
		{04581A97-6B7C-4428-B121-18145C2FF94E}.Debug|Any CPU.Build.0 = Debug|Any CPU
		{04581A97-6B7C-4428-B121-18145C2FF94E}.Release|Any CPU.ActiveCfg = Release|Any CPU
		{04581A97-6B7C-4428-B121-18145C2FF94E}.Release|Any CPU.Build.0 = Release|Any CPU
		{26487FF9-8F78-4863-9E76-DE6551388583}.Debug|Any CPU.ActiveCfg = Debug|Any CPU
		{26487FF9-8F78-4863-9E76-DE6551388583}.Debug|Any CPU.Build.0 = Debug|Any CPU
		{26487FF9-8F78-4863-9E76-DE6551388583}.Release|Any CPU.ActiveCfg = Release|Any CPU
		{26487FF9-8F78-4863-9E76-DE6551388583}.Release|Any CPU.Build.0 = Release|Any CPU
		{7C2A0B41-5EB8-498F-96B8-FBA807BFF8C5}.Debug|Any CPU.ActiveCfg = Debug|Any CPU
		{7C2A0B41-5EB8-498F-96B8-FBA807BFF8C5}.Debug|Any CPU.Build.0 = Debug|Any CPU
		{7C2A0B41-5EB8-498F-96B8-FBA807BFF8C5}.Release|Any CPU.ActiveCfg = Release|Any CPU
		{7C2A0B41-5EB8-498F-96B8-FBA807BFF8C5}.Release|Any CPU.Build.0 = Release|Any CPU
		{D4259B67-F59E-4C49-A80B-DC03FD0DF31B}.Debug|Any CPU.ActiveCfg = Debug|Any CPU
		{D4259B67-F59E-4C49-A80B-DC03FD0DF31B}.Debug|Any CPU.Build.0 = Debug|Any CPU
		{D4259B67-F59E-4C49-A80B-DC03FD0DF31B}.Release|Any CPU.ActiveCfg = Release|Any CPU
		{D4259B67-F59E-4C49-A80B-DC03FD0DF31B}.Release|Any CPU.Build.0 = Release|Any CPU
		{7EC4A31C-D32E-4A01-8340-19E9BA288685}.Debug|Any CPU.ActiveCfg = Debug|Any CPU
		{7EC4A31C-D32E-4A01-8340-19E9BA288685}.Debug|Any CPU.Build.0 = Debug|Any CPU
		{7EC4A31C-D32E-4A01-8340-19E9BA288685}.Release|Any CPU.ActiveCfg = Release|Any CPU
		{7EC4A31C-D32E-4A01-8340-19E9BA288685}.Release|Any CPU.Build.0 = Release|Any CPU
		{40E29FC4-1C3A-4D0B-9F55-6A41E3F0E1ED}.Debug|Any CPU.ActiveCfg = Debug|Any CPU
		{40E29FC4-1C3A-4D0B-9F55-6A41E3F0E1ED}.Debug|Any CPU.Build.0 = Debug|Any CPU
		{40E29FC4-1C3A-4D0B-9F55-6A41E3F0E1ED}.Release|Any CPU.ActiveCfg = Release|Any CPU
		{40E29FC4-1C3A-4D0B-9F55-6A41E3F0E1ED}.Release|Any CPU.Build.0 = Release|Any CPU
		{CE44A092-68B8-4CD5-B4A9-56ABDE37A001}.Debug|Any CPU.ActiveCfg = Debug|Any CPU
		{CE44A092-68B8-4CD5-B4A9-56ABDE37A001}.Debug|Any CPU.Build.0 = Debug|Any CPU
		{CE44A092-68B8-4CD5-B4A9-56ABDE37A001}.Release|Any CPU.ActiveCfg = Release|Any CPU
		{CE44A092-68B8-4CD5-B4A9-56ABDE37A001}.Release|Any CPU.Build.0 = Release|Any CPU
		{4F6677F8-EC1D-494D-8FA7-167F9E820859}.Debug|Any CPU.ActiveCfg = Debug|Any CPU
		{4F6677F8-EC1D-494D-8FA7-167F9E820859}.Debug|Any CPU.Build.0 = Debug|Any CPU
		{4F6677F8-EC1D-494D-8FA7-167F9E820859}.Release|Any CPU.ActiveCfg = Release|Any CPU
		{4F6677F8-EC1D-494D-8FA7-167F9E820859}.Release|Any CPU.Build.0 = Release|Any CPU
	EndGlobalSection
	GlobalSection(SolutionProperties) = preSolution
		HideSolutionNode = FALSE
	EndGlobalSection
	GlobalSection(NestedProjects) = preSolution
		{04581A97-6B7C-4428-B121-18145C2FF94E} = {B166E955-9184-49EC-8059-70508B706DA1}
		{26487FF9-8F78-4863-9E76-DE6551388583} = {B166E955-9184-49EC-8059-70508B706DA1}
		{7C2A0B41-5EB8-498F-96B8-FBA807BFF8C5} = {B166E955-9184-49EC-8059-70508B706DA1}
		{D4259B67-F59E-4C49-A80B-DC03FD0DF31B} = {B166E955-9184-49EC-8059-70508B706DA1}
		{7EC4A31C-D32E-4A01-8340-19E9BA288685} = {CE9409C8-7C3B-491D-9991-64CF63C8B5CA}
		{40E29FC4-1C3A-4D0B-9F55-6A41E3F0E1ED} = {4320063A-26C7-474A-AAFC-24F15A7D16AC}
		{CE44A092-68B8-4CD5-B4A9-56ABDE37A001} = {4320063A-26C7-474A-AAFC-24F15A7D16AC}
		{4F6677F8-EC1D-494D-8FA7-167F9E820859} = {4320063A-26C7-474A-AAFC-24F15A7D16AC}
	EndGlobalSection
	GlobalSection(ExtensibilityGlobals) = postSolution
		SolutionGuid = {4A6511D2-E3C5-4D15-9795-1E0C4500548E}
	EndGlobalSection
EndGlobal
